// !$*UTF8*$!
{
	archiveVersion = 1;
	classes = {
	};
	objectVersion = 77;
	objects = {

/* Begin PBXContainerItemProxy section */
		75D199F42DFEB57100944FCA /* PBXContainerItemProxy */ = {
			isa = PBXContainerItemProxy;
			containerPortal = 75D199DB2DFEB57000944FCA /* Project object */;
			proxyType = 1;
			remoteGlobalIDString = 75D199E22DFEB57000944FCA;
			remoteInfo = Floato;
		};
		75D199FE2DFEB57100944FCA /* PBXContainerItemProxy */ = {
			isa = PBXContainerItemProxy;
			containerPortal = 75D199DB2DFEB57000944FCA /* Project object */;
			proxyType = 1;
			remoteGlobalIDString = 75D199E22DFEB57000944FCA;
			remoteInfo = Floato;
		};
/* End PBXContainerItemProxy section */

/* Begin PBXFileReference section */
		75D199E32DFEB57000944FCA /* Floato.app */ = {isa = PBXFileReference; explicitFileType = wrapper.application; includeInIndex = 0; path = Floato.app; sourceTree = BUILT_PRODUCTS_DIR; };
		75D199F32DFEB57100944FCA /* FloatoTests.xctest */ = {isa = PBXFileReference; explicitFileType = wrapper.cfbundle; includeInIndex = 0; path = FloatoTests.xctest; sourceTree = BUILT_PRODUCTS_DIR; };
		75D199FD2DFEB57100944FCA /* FloatoUITests.xctest */ = {isa = PBXFileReference; explicitFileType = wrapper.cfbundle; includeInIndex = 0; path = FloatoUITests.xctest; sourceTree = BUILT_PRODUCTS_DIR; };
/* End PBXFileReference section */

/* Begin PBXFileSystemSynchronizedRootGroup section */
		75D199E52DFEB57000944FCA /* Floato */ = {
			isa = PBXFileSystemSynchronizedRootGroup;
			path = Floato;
			sourceTree = "<group>";
		};
		75D199F62DFEB57100944FCA /* FloatoTests */ = {
			isa = PBXFileSystemSynchronizedRootGroup;
			path = FloatoTests;
			sourceTree = "<group>";
		};
		75D19A002DFEB57100944FCA /* FloatoUITests */ = {
			isa = PBXFileSystemSynchronizedRootGroup;
			path = FloatoUITests;
			sourceTree = "<group>";
		};
/* End PBXFileSystemSynchronizedRootGroup section */

/* Begin PBXFrameworksBuildPhase section */
		75D199E02DFEB57000944FCA /* Frameworks */ = {
			isa = PBXFrameworksBuildPhase;
			buildActionMask = 2147483647;
			files = (
			);
			runOnlyForDeploymentPostprocessing = 0;
		};
		75D199F02DFEB57100944FCA /* Frameworks */ = {
			isa = PBXFrameworksBuildPhase;
			buildActionMask = 2147483647;
			files = (
			);
			runOnlyForDeploymentPostprocessing = 0;
		};
		75D199FA2DFEB57100944FCA /* Frameworks */ = {
			isa = PBXFrameworksBuildPhase;
			buildActionMask = 2147483647;
			files = (
			);
			runOnlyForDeploymentPostprocessing = 0;
		};
/* End PBXFrameworksBuildPhase section */

/* Begin PBXGroup section */
		75D199DA2DFEB57000944FCA = {
			isa = PBXGroup;
			children = (
				75D199E52DFEB57000944FCA /* Floato */,
				75D199F62DFEB57100944FCA /* FloatoTests */,
				75D19A002DFEB57100944FCA /* FloatoUITests */,
				75D199E42DFEB57000944FCA /* Products */,
			);
			sourceTree = "<group>";
		};
		75D199E42DFEB57000944FCA /* Products */ = {
			isa = PBXGroup;
			children = (
				75D199E32DFEB57000944FCA /* Floato.app */,
				75D199F32DFEB57100944FCA /* FloatoTests.xctest */,
				75D199FD2DFEB57100944FCA /* FloatoUITests.xctest */,
			);
			name = Products;
			sourceTree = "<group>";
		};
/* End PBXGroup section */

/* Begin PBXNativeTarget section */
		75D199E22DFEB57000944FCA /* Floato */ = {
			isa = PBXNativeTarget;
			buildConfigurationList = 75D19A072DFEB57100944FCA /* Build configuration list for PBXNativeTarget "Floato" */;
			buildPhases = (
				75D199DF2DFEB57000944FCA /* Sources */,
				75D199E02DFEB57000944FCA /* Frameworks */,
				75D199E12DFEB57000944FCA /* Resources */,
			);
			buildRules = (
			);
			dependencies = (
			);
			fileSystemSynchronizedGroups = (
				75D199E52DFEB57000944FCA /* Floato */,
			);
			name = Floato;
			packageProductDependencies = (
			);
			productName = Floato;
			productReference = 75D199E32DFEB57000944FCA /* Floato.app */;
			productType = "com.apple.product-type.application";
		};
		75D199F22DFEB57100944FCA /* FloatoTests */ = {
			isa = PBXNativeTarget;
			buildConfigurationList = 75D19A0A2DFEB57100944FCA /* Build configuration list for PBXNativeTarget "FloatoTests" */;
			buildPhases = (
				75D199EF2DFEB57100944FCA /* Sources */,
				75D199F02DFEB57100944FCA /* Frameworks */,
				75D199F12DFEB57100944FCA /* Resources */,
			);
			buildRules = (
			);
			dependencies = (
				75D199F52DFEB57100944FCA /* PBXTargetDependency */,
			);
			fileSystemSynchronizedGroups = (
				75D199F62DFEB57100944FCA /* FloatoTests */,
			);
			name = FloatoTests;
			packageProductDependencies = (
			);
			productName = FloatoTests;
			productReference = 75D199F32DFEB57100944FCA /* FloatoTests.xctest */;
			productType = "com.apple.product-type.bundle.unit-test";
		};
		75D199FC2DFEB57100944FCA /* FloatoUITests */ = {
			isa = PBXNativeTarget;
			buildConfigurationList = 75D19A0D2DFEB57100944FCA /* Build configuration list for PBXNativeTarget "FloatoUITests" */;
			buildPhases = (
				75D199F92DFEB57100944FCA /* Sources */,
				75D199FA2DFEB57100944FCA /* Frameworks */,
				75D199FB2DFEB57100944FCA /* Resources */,
			);
			buildRules = (
			);
			dependencies = (
				75D199FF2DFEB57100944FCA /* PBXTargetDependency */,
			);
			fileSystemSynchronizedGroups = (
				75D19A002DFEB57100944FCA /* FloatoUITests */,
			);
			name = FloatoUITests;
			packageProductDependencies = (
			);
			productName = FloatoUITests;
			productReference = 75D199FD2DFEB57100944FCA /* FloatoUITests.xctest */;
			productType = "com.apple.product-type.bundle.ui-testing";
		};
/* End PBXNativeTarget section */

/* Begin PBXProject section */
		75D199DB2DFEB57000944FCA /* Project object */ = {
			isa = PBXProject;
			attributes = {
				BuildIndependentTargetsInParallel = 1;
				LastSwiftUpdateCheck = 1640;
				LastUpgradeCheck = 1640;
				TargetAttributes = {
					75D199E22DFEB57000944FCA = {
						CreatedOnToolsVersion = 16.4;
					};
					75D199F22DFEB57100944FCA = {
						CreatedOnToolsVersion = 16.4;
						TestTargetID = 75D199E22DFEB57000944FCA;
					};
					75D199FC2DFEB57100944FCA = {
						CreatedOnToolsVersion = 16.4;
						TestTargetID = 75D199E22DFEB57000944FCA;
					};
				};
			};
			buildConfigurationList = 75D199DE2DFEB57000944FCA /* Build configuration list for PBXProject "Floato" */;
			developmentRegion = en;
			hasScannedForEncodings = 0;
			knownRegions = (
				en,
				Base,
			);
			mainGroup = 75D199DA2DFEB57000944FCA;
			minimizedProjectReferenceProxies = 1;
			preferredProjectObjectVersion = 77;
			productRefGroup = 75D199E42DFEB57000944FCA /* Products */;
			projectDirPath = "";
			projectRoot = "";
			targets = (
				75D199E22DFEB57000944FCA /* Floato */,
				75D199F22DFEB57100944FCA /* FloatoTests */,
				75D199FC2DFEB57100944FCA /* FloatoUITests */,
			);
		};
/* End PBXProject section */

/* Begin PBXResourcesBuildPhase section */
		75D199E12DFEB57000944FCA /* Resources */ = {
			isa = PBXResourcesBuildPhase;
			buildActionMask = 2147483647;
			files = (
			);
			runOnlyForDeploymentPostprocessing = 0;
		};
		75D199F12DFEB57100944FCA /* Resources */ = {
			isa = PBXResourcesBuildPhase;
			buildActionMask = 2147483647;
			files = (
			);
			runOnlyForDeploymentPostprocessing = 0;
		};
		75D199FB2DFEB57100944FCA /* Resources */ = {
			isa = PBXResourcesBuildPhase;
			buildActionMask = 2147483647;
			files = (
			);
			runOnlyForDeploymentPostprocessing = 0;
		};
/* End PBXResourcesBuildPhase section */

/* Begin PBXSourcesBuildPhase section */
		75D199DF2DFEB57000944FCA /* Sources */ = {
			isa = PBXSourcesBuildPhase;
			buildActionMask = 2147483647;
			files = (
			);
			runOnlyForDeploymentPostprocessing = 0;
		};
		75D199EF2DFEB57100944FCA /* Sources */ = {
			isa = PBXSourcesBuildPhase;
			buildActionMask = 2147483647;
			files = (
			);
			runOnlyForDeploymentPostprocessing = 0;
		};
		75D199F92DFEB57100944FCA /* Sources */ = {
			isa = PBXSourcesBuildPhase;
			buildActionMask = 2147483647;
			files = (
			);
			runOnlyForDeploymentPostprocessing = 0;
		};
/* End PBXSourcesBuildPhase section */

/* Begin PBXTargetDependency section */
		75D199F52DFEB57100944FCA /* PBXTargetDependency */ = {
			isa = PBXTargetDependency;
			target = 75D199E22DFEB57000944FCA /* Floato */;
			targetProxy = 75D199F42DFEB57100944FCA /* PBXContainerItemProxy */;
		};
		75D199FF2DFEB57100944FCA /* PBXTargetDependency */ = {
			isa = PBXTargetDependency;
			target = 75D199E22DFEB57000944FCA /* Floato */;
			targetProxy = 75D199FE2DFEB57100944FCA /* PBXContainerItemProxy */;
		};
/* End PBXTargetDependency section */

/* Begin XCBuildConfiguration section */
		75D19A052DFEB57100944FCA /* Debug */ = {
			isa = XCBuildConfiguration;
			buildSettings = {
				ALWAYS_SEARCH_USER_PATHS = NO;
				ASSETCATALOG_COMPILER_GENERATE_SWIFT_ASSET_SYMBOL_EXTENSIONS = YES;
				CLANG_ANALYZER_NONNULL = YES;
				CLANG_ANALYZER_NUMBER_OBJECT_CONVERSION = YES_AGGRESSIVE;
				CLANG_CXX_LANGUAGE_STANDARD = "gnu++20";
				CLANG_ENABLE_MODULES = YES;
				CLANG_ENABLE_OBJC_ARC = YES;
				CLANG_ENABLE_OBJC_WEAK = YES;
				CLANG_WARN_BLOCK_CAPTURE_AUTORELEASING = YES;
				CLANG_WARN_BOOL_CONVERSION = YES;
				CLANG_WARN_COMMA = YES;
				CLANG_WARN_CONSTANT_CONVERSION = YES;
				CLANG_WARN_DEPRECATED_OBJC_IMPLEMENTATIONS = YES;
				CLANG_WARN_DIRECT_OBJC_ISA_USAGE = YES_ERROR;
				CLANG_WARN_DOCUMENTATION_COMMENTS = YES;
				CLANG_WARN_EMPTY_BODY = YES;
				CLANG_WARN_ENUM_CONVERSION = YES;
				CLANG_WARN_INFINITE_RECURSION = YES;
				CLANG_WARN_INT_CONVERSION = YES;
				CLANG_WARN_NON_LITERAL_NULL_CONVERSION = YES;
				CLANG_WARN_OBJC_IMPLICIT_RETAIN_SELF = YES;
				CLANG_WARN_OBJC_LITERAL_CONVERSION = YES;
				CLANG_WARN_OBJC_ROOT_CLASS = YES_ERROR;
				CLANG_WARN_QUOTED_INCLUDE_IN_FRAMEWORK_HEADER = YES;
				CLANG_WARN_RANGE_LOOP_ANALYSIS = YES;
				CLANG_WARN_STRICT_PROTOTYPES = YES;
				CLANG_WARN_SUSPICIOUS_MOVE = YES;
				CLANG_WARN_UNGUARDED_AVAILABILITY = YES_AGGRESSIVE;
				CLANG_WARN_UNREACHABLE_CODE = YES;
				CLANG_WARN__DUPLICATE_METHOD_MATCH = YES;
				COPY_PHASE_STRIP = NO;
				DEBUG_INFORMATION_FORMAT = dwarf;
				DEVELOPMENT_TEAM = 5SAM7RT8QQ;
				ENABLE_STRICT_OBJC_MSGSEND = YES;
				ENABLE_TESTABILITY = YES;
				ENABLE_USER_SCRIPT_SANDBOXING = YES;
				GCC_C_LANGUAGE_STANDARD = gnu17;
				GCC_DYNAMIC_NO_PIC = NO;
				GCC_NO_COMMON_BLOCKS = YES;
				GCC_OPTIMIZATION_LEVEL = 0;
				GCC_PREPROCESSOR_DEFINITIONS = (
					"DEBUG=1",
					"$(inherited)",
				);
				GCC_WARN_64_TO_32_BIT_CONVERSION = YES;
				GCC_WARN_ABOUT_RETURN_TYPE = YES_ERROR;
				GCC_WARN_UNDECLARED_SELECTOR = YES;
				GCC_WARN_UNINITIALIZED_AUTOS = YES_AGGRESSIVE;
				GCC_WARN_UNUSED_FUNCTION = YES;
				GCC_WARN_UNUSED_VARIABLE = YES;
				LOCALIZATION_PREFERS_STRING_CATALOGS = YES;
				MACOSX_DEPLOYMENT_TARGET = 15.3;
				MTL_ENABLE_DEBUG_INFO = INCLUDE_SOURCE;
				MTL_FAST_MATH = YES;
				ONLY_ACTIVE_ARCH = YES;
				SDKROOT = macosx;
				SWIFT_ACTIVE_COMPILATION_CONDITIONS = "DEBUG $(inherited)";
				SWIFT_OPTIMIZATION_LEVEL = "-Onone";
			};
			name = Debug;
		};
		75D19A062DFEB57100944FCA /* Release */ = {
			isa = XCBuildConfiguration;
			buildSettings = {
				ALWAYS_SEARCH_USER_PATHS = NO;
				ASSETCATALOG_COMPILER_GENERATE_SWIFT_ASSET_SYMBOL_EXTENSIONS = YES;
				CLANG_ANALYZER_NONNULL = YES;
				CLANG_ANALYZER_NUMBER_OBJECT_CONVERSION = YES_AGGRESSIVE;
				CLANG_CXX_LANGUAGE_STANDARD = "gnu++20";
				CLANG_ENABLE_MODULES = YES;
				CLANG_ENABLE_OBJC_ARC = YES;
				CLANG_ENABLE_OBJC_WEAK = YES;
				CLANG_WARN_BLOCK_CAPTURE_AUTORELEASING = YES;
				CLANG_WARN_BOOL_CONVERSION = YES;
				CLANG_WARN_COMMA = YES;
				CLANG_WARN_CONSTANT_CONVERSION = YES;
				CLANG_WARN_DEPRECATED_OBJC_IMPLEMENTATIONS = YES;
				CLANG_WARN_DIRECT_OBJC_ISA_USAGE = YES_ERROR;
				CLANG_WARN_DOCUMENTATION_COMMENTS = YES;
				CLANG_WARN_EMPTY_BODY = YES;
				CLANG_WARN_ENUM_CONVERSION = YES;
				CLANG_WARN_INFINITE_RECURSION = YES;
				CLANG_WARN_INT_CONVERSION = YES;
				CLANG_WARN_NON_LITERAL_NULL_CONVERSION = YES;
				CLANG_WARN_OBJC_IMPLICIT_RETAIN_SELF = YES;
				CLANG_WARN_OBJC_LITERAL_CONVERSION = YES;
				CLANG_WARN_OBJC_ROOT_CLASS = YES_ERROR;
				CLANG_WARN_QUOTED_INCLUDE_IN_FRAMEWORK_HEADER = YES;
				CLANG_WARN_RANGE_LOOP_ANALYSIS = YES;
				CLANG_WARN_STRICT_PROTOTYPES = YES;
				CLANG_WARN_SUSPICIOUS_MOVE = YES;
				CLANG_WARN_UNGUARDED_AVAILABILITY = YES_AGGRESSIVE;
				CLANG_WARN_UNREACHABLE_CODE = YES;
				CLANG_WARN__DUPLICATE_METHOD_MATCH = YES;
				COPY_PHASE_STRIP = NO;
				DEBUG_INFORMATION_FORMAT = "dwarf-with-dsym";
				DEVELOPMENT_TEAM = 5SAM7RT8QQ;
				ENABLE_NS_ASSERTIONS = NO;
				ENABLE_STRICT_OBJC_MSGSEND = YES;
				ENABLE_USER_SCRIPT_SANDBOXING = YES;
				GCC_C_LANGUAGE_STANDARD = gnu17;
				GCC_NO_COMMON_BLOCKS = YES;
				GCC_WARN_64_TO_32_BIT_CONVERSION = YES;
				GCC_WARN_ABOUT_RETURN_TYPE = YES_ERROR;
				GCC_WARN_UNDECLARED_SELECTOR = YES;
				GCC_WARN_UNINITIALIZED_AUTOS = YES_AGGRESSIVE;
				GCC_WARN_UNUSED_FUNCTION = YES;
				GCC_WARN_UNUSED_VARIABLE = YES;
				LOCALIZATION_PREFERS_STRING_CATALOGS = YES;
				MACOSX_DEPLOYMENT_TARGET = 15.3;
				MTL_ENABLE_DEBUG_INFO = NO;
				MTL_FAST_MATH = YES;
				SDKROOT = macosx;
				SWIFT_COMPILATION_MODE = wholemodule;
			};
			name = Release;
		};
		75D19A082DFEB57100944FCA /* Debug */ = {
			isa = XCBuildConfiguration;
			buildSettings = {
				ASSETCATALOG_COMPILER_APPICON_NAME = AppIcon;
				ASSETCATALOG_COMPILER_GLOBAL_ACCENT_COLOR_NAME = AccentColor;
				CODE_SIGN_ENTITLEMENTS = Floato/Floato.entitlements;
				CODE_SIGN_STYLE = Automatic;
				COMBINE_HIDPI_IMAGES = YES;
				CURRENT_PROJECT_VERSION = 1;
				DEVELOPMENT_TEAM = BNWDA998N2;
				ENABLE_HARDENED_RUNTIME = YES;
				ENABLE_PREVIEWS = YES;
				GENERATE_INFOPLIST_FILE = YES;
				INFOPLIST_KEY_NSHumanReadableCopyright = "";
				LD_RUNPATH_SEARCH_PATHS = (
					"$(inherited)",
					"@executable_path/../Frameworks",
				);
				MACOSX_DEPLOYMENT_TARGET = 14.0;
				MARKETING_VERSION = 1.0;
				PRODUCT_BUNDLE_IDENTIFIER = afei.Floato;
				PRODUCT_NAME = "$(TARGET_NAME)";
				REGISTER_APP_GROUPS = YES;
				SWIFT_EMIT_LOC_STRINGS = YES;
				SWIFT_VERSION = 5.0;
			};
			name = Debug;
		};
		75D19A092DFEB57100944FCA /* Release */ = {
			isa = XCBuildConfiguration;
			buildSettings = {
				ASSETCATALOG_COMPILER_APPICON_NAME = AppIcon;
				ASSETCATALOG_COMPILER_GLOBAL_ACCENT_COLOR_NAME = AccentColor;
				CODE_SIGN_ENTITLEMENTS = Floato/Floato.entitlements;
				CODE_SIGN_STYLE = Automatic;
				COMBINE_HIDPI_IMAGES = YES;
				CURRENT_PROJECT_VERSION = 1;
				DEVELOPMENT_TEAM = BNWDA998N2;
				ENABLE_HARDENED_RUNTIME = YES;
				ENABLE_PREVIEWS = YES;
				GENERATE_INFOPLIST_FILE = YES;
				INFOPLIST_KEY_NSHumanReadableCopyright = "";
				LD_RUNPATH_SEARCH_PATHS = (
					"$(inherited)",
					"@executable_path/../Frameworks",
				);
				MACOSX_DEPLOYMENT_TARGET = 14.0;
				MARKETING_VERSION = 1.0;
				PRODUCT_BUNDLE_IDENTIFIER = afei.Floato;
				PRODUCT_NAME = "$(TARGET_NAME)";
				REGISTER_APP_GROUPS = YES;
				SWIFT_EMIT_LOC_STRINGS = YES;
				SWIFT_VERSION = 5.0;
			};
			name = Release;
		};
		75D19A0B2DFEB57100944FCA /* Debug */ = {
			isa = XCBuildConfiguration;
			buildSettings = {
				BUNDLE_LOADER = "$(TEST_HOST)";
				CODE_SIGN_STYLE = Automatic;
				CURRENT_PROJECT_VERSION = 1;
				DEVELOPMENT_TEAM = 5SAM7RT8QQ;
				GENERATE_INFOPLIST_FILE = YES;
				MACOSX_DEPLOYMENT_TARGET = 14.0;
				MARKETING_VERSION = 1.0;
				PRODUCT_BUNDLE_IDENTIFIER = afei.FloatoTests;
				PRODUCT_NAME = "$(TARGET_NAME)";
				SWIFT_EMIT_LOC_STRINGS = NO;
				SWIFT_VERSION = 5.0;
				TEST_HOST = "$(BUILT_PRODUCTS_DIR)/Floato.app/$(BUNDLE_EXECUTABLE_FOLDER_PATH)/Floato";
			};
			name = Debug;
		};
		75D19A0C2DFEB57100944FCA /* Release */ = {
			isa = XCBuildConfiguration;
			buildSettings = {
				BUNDLE_LOADER = "$(TEST_HOST)";
				CODE_SIGN_STYLE = Automatic;
				CURRENT_PROJECT_VERSION = 1;
				DEVELOPMENT_TEAM = 5SAM7RT8QQ;
				GENERATE_INFOPLIST_FILE = YES;
				MACOSX_DEPLOYMENT_TARGET = 14.0;
				MARKETING_VERSION = 1.0;
				PRODUCT_BUNDLE_IDENTIFIER = afei.FloatoTests;
				PRODUCT_NAME = "$(TARGET_NAME)";
				SWIFT_EMIT_LOC_STRINGS = NO;
				SWIFT_VERSION = 5.0;
				TEST_HOST = "$(BUILT_PRODUCTS_DIR)/Floato.app/$(BUNDLE_EXECUTABLE_FOLDER_PATH)/Floato";
			};
			name = Release;
		};
		75D19A0E2DFEB57100944FCA /* Debug */ = {
			isa = XCBuildConfiguration;
			buildSettings = {
				CODE_SIGN_STYLE = Automatic;
				CURRENT_PROJECT_VERSION = 1;
				DEVELOPMENT_TEAM = 5SAM7RT8QQ;
				GENERATE_INFOPLIST_FILE = YES;
				MARKETING_VERSION = 1.0;
				PRODUCT_BUNDLE_IDENTIFIER = afei.FloatoUITests;
				PRODUCT_NAME = "$(TARGET_NAME)";
				SWIFT_EMIT_LOC_STRINGS = NO;
				SWIFT_VERSION = 5.0;
				TEST_TARGET_NAME = Floato;
			};
			name = Debug;
		};
		75D19A0F2DFEB57100944FCA /* Release */ = {
			isa = XCBuildConfiguration;
			buildSettings = {
				CODE_SIGN_STYLE = Automatic;
				CURRENT_PROJECT_VERSION = 1;
				DEVELOPMENT_TEAM = 5SAM7RT8QQ;
				GENERATE_INFOPLIST_FILE = YES;
				MARKETING_VERSION = 1.0;
				PRODUCT_BUNDLE_IDENTIFIER = afei.FloatoUITests;
				PRODUCT_NAME = "$(TARGET_NAME)";
				SWIFT_EMIT_LOC_STRINGS = NO;
				SWIFT_VERSION = 5.0;
				TEST_TARGET_NAME = Floato;
			};
			name = Release;
		};
/* End XCBuildConfiguration section */

/* Begin XCConfigurationList section */
		75D199DE2DFEB57000944FCA /* Build configuration list for PBXProject "Floato" */ = {
			isa = XCConfigurationList;
			buildConfigurations = (
				75D19A052DFEB57100944FCA /* Debug */,
				75D19A062DFEB57100944FCA /* Release */,
			);
			defaultConfigurationIsVisible = 0;
			defaultConfigurationName = Release;
		};
		75D19A072DFEB57100944FCA /* Build configuration list for PBXNativeTarget "Floato" */ = {
			isa = XCConfigurationList;
			buildConfigurations = (
				75D19A082DFEB57100944FCA /* Debug */,
				75D19A092DFEB57100944FCA /* Release */,
			);
			defaultConfigurationIsVisible = 0;
			defaultConfigurationName = Release;
		};
		75D19A0A2DFEB57100944FCA /* Build configuration list for PBXNativeTarget "FloatoTests" */ = {
			isa = XCConfigurationList;
			buildConfigurations = (
				75D19A0B2DFEB57100944FCA /* Debug */,
				75D19A0C2DFEB57100944FCA /* Release */,
			);
			defaultConfigurationIsVisible = 0;
			defaultConfigurationName = Release;
		};
		75D19A0D2DFEB57100944FCA /* Build configuration list for PBXNativeTarget "FloatoUITests" */ = {
			isa = XCConfigurationList;
			buildConfigurations = (
				75D19A0E2DFEB57100944FCA /* Debug */,
				75D19A0F2DFEB57100944FCA /* Release */,
			);
			defaultConfigurationIsVisible = 0;
			defaultConfigurationName = Release;
		};
/* End XCConfigurationList section */
	};
	rootObject = 75D199DB2DFEB57000944FCA /* Project object */;
}
